# This is a Gradle generated file for dependency locking.
# Manual edits can break the build and are not advised.
# This file is expected to be part of source control.
# To regenerate this file, run: ./gradlew :x-twitter-scraper-kotlin-proguard-test:dependencies --write-locks
com.facebook:ktfmt:0.64=ktfmt
com.fasterxml.jackson.core:jackson-annotations:2.22=dokkaHtmlGeneratorRuntimeResolver~internal,palantir,testCompileClasspath,testRuntimeClasspath
com.fasterxml.jackson.core:jackson-core:2.22.1=dokkaHtmlGeneratorRuntimeResolver~internal,palantir,testCompileClasspath,testRuntimeClasspath
com.fasterxml.jackson.core:jackson-databind:2.22.1=dokkaHtmlGeneratorRuntimeResolver~internal,palantir,testCompileClasspath,testRuntimeClasspath
com.fasterxml.jackson.dataformat:jackson-dataformat-xml:2.22.1=dokkaHtmlGeneratorRuntimeResolver~internal
com.fasterxml.jackson.datatype:jackson-datatype-guava:2.22.1=palantir
com.fasterxml.jackson.datatype:jackson-datatype-jdk8:2.22.1=palantir,testRuntimeClasspath
com.fasterxml.jackson.datatype:jackson-datatype-jsr310:2.22.1=testRuntimeClasspath
com.fasterxml.jackson.module:jackson-module-kotlin:2.22.1=dokkaHtmlGeneratorRuntimeResolver~internal,testCompileClasspath,testRuntimeClasspath
com.fasterxml.jackson.module:jackson-module-parameter-names:2.22.1=palantir
com.fasterxml.jackson:jackson-bom:2.22.1=dokkaHtmlGeneratorRuntimeResolver~internal,palantir,testCompileClasspath,testRuntimeClasspath
com.fasterxml.woodstox:woodstox-core:7.2.0=dokkaHtmlGeneratorRuntimeResolver~internal
com.google.code.findbugs:jsr305:3.0.2=palantir
com.google.errorprone:error_prone_annotations:2.47.0=ktfmt,palantir
com.google.errorprone:error_prone_annotations:2.50.0=testCompileClasspath,testRuntimeClasspath
com.google.googlejavaformat:google-java-format:1.23.0=ktfmt
com.google.guava:failureaccess:1.0.3=ktfmt,palantir
com.google.guava:guava:33.6.0-jre=ktfmt,palantir
com.google.guava:listenablefuture:9999.0-empty-to-avoid-conflict-with-guava=ktfmt,palantir
com.google.j2objc:j2objc-annotations:3.1=ktfmt,palantir
com.palantir.javaformat:palantir-java-format-spi:2.96.0=palantir
com.palantir.javaformat:palantir-java-format:2.96.0=palantir
com.squareup.okhttp3:logging-interceptor:5.4.0=testRuntimeClasspath
com.squareup.okhttp3:okhttp-jvm:5.4.0=testRuntimeClasspath
com.squareup.okhttp3:okhttp:5.4.0=testRuntimeClasspath
com.squareup.okio:okio-jvm:3.17.0=testRuntimeClasspath
com.squareup.okio:okio:3.17.0=testRuntimeClasspath
net.java.dev.jna:jna:4.2.2=ktfmt
org.codehaus.mojo:animal-sniffer-annotations:1.27=testRuntimeClasspath
org.codehaus.woodstox:stax2-api:4.3.0=dokkaHtmlGeneratorRuntimeResolver~internal
org.conscrypt:conscrypt-openjdk-uber:2.6.1=testRuntimeClasspath
org.ec4j.core:ec4j-core:1.2.0=ktfmt
org.freemarker:freemarker:2.3.32=dokkaHtmlGeneratorRuntimeResolver~internal
org.functionaljava:functionaljava:5.0=palantir
org.graalvm.sdk:nativeimage:25.1.3=testRuntimeClasspath
org.graalvm.sdk:word:25.1.3=testRuntimeClasspath
org.jacoco:org.jacoco.agent:0.8.15=jacocoAgent,jacocoAnt
org.jacoco:org.jacoco.ant:0.8.15=jacocoAnt
org.jacoco:org.jacoco.core:0.8.15=jacocoAnt
org.jacoco:org.jacoco.report:0.8.15=jacocoAnt
org.jetbrains.dokka:analysis-kotlin-symbols:2.2.0=dokkaHtmlGeneratorRuntimeResolver~internal
org.jetbrains.dokka:analysis-markdown:2.2.0=dokkaHtmlGeneratorRuntimeResolver~internal
org.jetbrains.dokka:dokka-base:2.2.0=dokkaHtmlGeneratorRuntimeResolver~internal,dokkaHtmlPluginIntransitiveResolver~internal
org.jetbrains.dokka:dokka-core:2.2.0=dokkaHtmlGeneratorRuntimeResolver~internal
org.jetbrains.dokka:templating-plugin:2.2.0=dokkaHtmlGeneratorRuntimeResolver~internal,dokkaHtmlPluginIntransitiveResolver~internal
org.jetbrains.kotlin:kotlin-build-tools-api:2.4.0=kotlinBuildToolsApiClasspath,kotlinCompilerClasspath,kotlinKlibCommonizerClasspath
org.jetbrains.kotlin:kotlin-build-tools-api:2.4.20-Beta2=kotlinAbiValidationCompatClasspath
org.jetbrains.kotlin:kotlin-build-tools-compat:2.4.0=kotlinAbiValidationCompatClasspath,kotlinBuildToolsApiClasspath,kotlinCompilerClasspath
org.jetbrains.kotlin:kotlin-build-tools-cri-impl:2.4.0=kotlinBuildToolsApiClasspath,kotlinCompilerClasspath
org.jetbrains.kotlin:kotlin-build-tools-cri-impl:2.4.20-Beta2=kotlinAbiValidationCompatClasspath
org.jetbrains.kotlin:kotlin-build-tools-impl:2.4.0=kotlinBuildToolsApiClasspath,kotlinCompilerClasspath
org.jetbrains.kotlin:kotlin-build-tools-impl:2.4.20-Beta2=kotlinAbiValidationCompatClasspath
org.jetbrains.kotlin:kotlin-compiler-embeddable:2.3.20=ktfmt
org.jetbrains.kotlin:kotlin-compiler-embeddable:2.4.0=kotlinBuildToolsApiClasspath,kotlinCompilerClasspath,kotlinKlibCommonizerClasspath
org.jetbrains.kotlin:kotlin-compiler-embeddable:2.4.20-Beta2=kotlinAbiValidationCompatClasspath
org.jetbrains.kotlin:kotlin-compiler-runner:2.4.0=kotlinBuildToolsApiClasspath,kotlinCompilerClasspath
org.jetbrains.kotlin:kotlin-compiler-runner:2.4.20-Beta2=kotlinAbiValidationCompatClasspath
org.jetbrains.kotlin:kotlin-daemon-client:2.4.0=kotlinBuildToolsApiClasspath,kotlinCompilerClasspath
org.jetbrains.kotlin:kotlin-daemon-client:2.4.20-Beta2=kotlinAbiValidationCompatClasspath
org.jetbrains.kotlin:kotlin-daemon-embeddable:2.3.20=ktfmt
org.jetbrains.kotlin:kotlin-daemon-embeddable:2.4.0=kotlinBuildToolsApiClasspath,kotlinCompilerClasspath,kotlinKlibCommonizerClasspath
org.jetbrains.kotlin:kotlin-daemon-embeddable:2.4.20-Beta2=kotlinAbiValidationCompatClasspath
org.jetbrains.kotlin:kotlin-klib-commonizer-embeddable:2.4.0=kotlinKlibCommonizerClasspath
org.jetbrains.kotlin:kotlin-reflect:1.6.10=kotlinAbiValidationCompatClasspath,kotlinBuildToolsApiClasspath,kotlinCompilerClasspath,kotlinKlibCommonizerClasspath,ktfmt
org.jetbrains.kotlin:kotlin-reflect:2.1.21=dokkaHtmlGeneratorRuntimeResolver~internal,testCompileClasspath
org.jetbrains.kotlin:kotlin-reflect:2.3.20=testRuntimeClasspath
org.jetbrains.kotlin:kotlin-script-runtime:2.3.20=ktfmt
org.jetbrains.kotlin:kotlin-script-runtime:2.4.0=kotlinBuildToolsApiClasspath,kotlinCompilerClasspath,kotlinCompilerPluginClasspathMain,kotlinCompilerPluginClasspathTest,kotlinKlibCommonizerClasspath
org.jetbrains.kotlin:kotlin-script-runtime:2.4.20-Beta2=kotlinAbiValidationCompatClasspath
org.jetbrains.kotlin:kotlin-scripting-common:2.4.0=kotlinCompilerPluginClasspathMain,kotlinCompilerPluginClasspathTest
org.jetbrains.kotlin:kotlin-scripting-compiler-embeddable:2.4.0=kotlinCompilerPluginClasspathMain,kotlinCompilerPluginClasspathTest
org.jetbrains.kotlin:kotlin-scripting-compiler-impl-embeddable:2.4.0=kotlinCompilerPluginClasspathMain,kotlinCompilerPluginClasspathTest
org.jetbrains.kotlin:kotlin-scripting-jvm:2.4.0=kotlinCompilerPluginClasspathMain,kotlinCompilerPluginClasspathTest
org.jetbrains.kotlin:kotlin-stdlib-common:2.1.21=dokkaHtmlGeneratorRuntimeResolver~internal
org.jetbrains.kotlin:kotlin-stdlib-jdk7:1.8.20=dokkaHtmlGeneratorRuntimeResolver~internal
org.jetbrains.kotlin:kotlin-stdlib-jdk8:1.8.20=dokkaHtmlGeneratorRuntimeResolver~internal
org.jetbrains.kotlin:kotlin-stdlib:2.1.21=dokkaHtmlGeneratorRuntimeResolver~internal
org.jetbrains.kotlin:kotlin-stdlib:2.3.20=compileClasspath,ktfmt,runtimeClasspath,testCompileClasspath,testRuntimeClasspath
org.jetbrains.kotlin:kotlin-stdlib:2.4.0=kotlinBuildToolsApiClasspath,kotlinCompilerClasspath,kotlinCompilerPluginClasspathMain,kotlinCompilerPluginClasspathTest,kotlinKlibCommonizerClasspath
org.jetbrains.kotlin:kotlin-stdlib:2.4.20-Beta2=kotlinAbiValidationCompatClasspath
org.jetbrains.kotlin:kotlin-tooling-core:2.4.0=kotlinBuildToolsApiClasspath,kotlinCompilerClasspath
org.jetbrains.kotlin:kotlin-tooling-core:2.4.20-Beta2=kotlinAbiValidationCompatClasspath
org.jetbrains.kotlinx:atomicfu-jvm:0.33.0=testRuntimeClasspath
org.jetbrains.kotlinx:kotlinx-coroutines-bom:1.11.0=testRuntimeClasspath
org.jetbrains.kotlinx:kotlinx-coroutines-bom:1.7.3=dokkaHtmlGeneratorRuntimeResolver~internal
org.jetbrains.kotlinx:kotlinx-coroutines-core-jvm:1.11.0=testRuntimeClasspath
org.jetbrains.kotlinx:kotlinx-coroutines-core-jvm:1.7.3=dokkaHtmlGeneratorRuntimeResolver~internal
org.jetbrains.kotlinx:kotlinx-coroutines-core-jvm:1.8.0=kotlinAbiValidationCompatClasspath,kotlinBuildToolsApiClasspath,kotlinCompilerClasspath,kotlinKlibCommonizerClasspath,ktfmt
org.jetbrains.kotlinx:kotlinx-coroutines-core:1.11.0=testRuntimeClasspath
org.jetbrains.kotlinx:kotlinx-coroutines-core:1.7.3=dokkaHtmlGeneratorRuntimeResolver~internal
org.jetbrains.kotlinx:kotlinx-html-jvm:0.9.1=dokkaHtmlGeneratorRuntimeResolver~internal
org.jetbrains:annotations:13.0=compileClasspath,kotlinAbiValidationCompatClasspath,kotlinBuildToolsApiClasspath,kotlinCompilerClasspath,kotlinCompilerPluginClasspathMain,kotlinCompilerPluginClasspathTest,kotlinKlibCommonizerClasspath,ktfmt,runtimeClasspath,testCompileClasspath
org.jetbrains:annotations:23.0.0=dokkaHtmlGeneratorRuntimeResolver~internal,testRuntimeClasspath
org.jetbrains:markdown-jvm:0.7.3=dokkaHtmlGeneratorRuntimeResolver~internal
org.jetbrains:markdown:0.7.3=dokkaHtmlGeneratorRuntimeResolver~internal
org.jsoup:jsoup:1.16.1=dokkaHtmlGeneratorRuntimeResolver~internal
org.jspecify:jspecify:1.0.0=ktfmt,palantir
org.ow2.asm:asm-commons:9.10.1=jacocoAnt
org.ow2.asm:asm-tree:9.10.1=jacocoAnt
org.ow2.asm:asm:9.10.1=jacocoAnt
empty=annotationProcessor,dokkaHtmlModuleOutputDirectoriesResolver~internal,dokkaHtmlPublicationPluginResolver~internal,implementationDependenciesMetadata,kotlinCompilerPluginClasspath,kotlinNativeCompilerPluginClasspath,kotlinScriptDefExtensions,testAnnotationProcessor,testImplementationDependenciesMetadata,testKotlinScriptDefExtensions
